
Microsoft Visual Studio Solution File, Format Version 12.00
# Visual Studio Version 16
VisualStudioVersion = 16.0.36324.18
MinimumVisualStudioVersion = 10.0.40219.1
Project("{FAE04EC0-301F-11D3-BF4B-00C04F79EFBC}") = "2902162023-Parcial2", "2902162023-Parcial2.csproj", "{EF00E29D-0D22-4460-8064-E03DBDFB32A2}"
EndProject
Global
	GlobalSection(SolutionConfigurationPlatforms) = preSolution
		Debug|Any CPU = Debug|Any CPU
		Release|Any CPU = Release|Any CPU
	EndGlobalSection
	GlobalSection(ProjectConfigurationPlatforms) = postSolution
		{EF00E29D-0D22-4460-8064-E03DBDFB32A2}.Debug|Any CPU.ActiveCfg = Debug|Any CPU
		{EF00E29D-0D22-4460-8064-E03DBDFB32A2}.Debug|Any CPU.Build.0 = Debug|Any CPU
		{EF00E29D-0D22-4460-8064-E03DBDFB32A2}.Release|Any CPU.ActiveCfg = Release|Any CPU
		{EF00E29D-0D22-4460-8064-E03DBDFB32A2}.Release|Any CPU.Build.0 = Release|Any CPU
	EndGlobalSection
	GlobalSection(SolutionProperties) = preSolution
		HideSolutionNode = FALSE
	EndGlobalSection
	GlobalSection(ExtensibilityGlobals) = postSolution
		SolutionGuid = {1FAF2838-73D8-4C19-BBF3-035D6F8A9C4B}
	EndGlobalSection
EndGlobal
